
Microsoft Visual Studio Solution File, Format Version 12.00
# Visual Studio Version 17
VisualStudioVersion = 17.0.31903.59
MinimumVisualStudioVersion = 10.0.40219.1
Project("{2150E333-8FDC-42A3-9474-1A3956D46DE8}") = "src", "src", "{827E0CD3-B72D-47B6-A68D-7590B98EB39B}"
EndProject
Project("{FAE04EC0-301F-11D3-BF4B-00C04F79EFBC}") = "IdleGame.Core", "src\IdleGame.Core\IdleGame.Core.csproj", "{CBBABF3C-4BAF-4A4A-A6FC-5A3CED26784B}"
EndProject
Project("{FAE04EC0-301F-11D3-BF4B-00C04F79EFBC}") = "IdleGame.Shared", "src\IdleGame.Shared\IdleGame.Shared.csproj", "{A3B90B57-DB4C-4569-92CC-E8A1C7DC9966}"
EndProject
Project("{FAE04EC0-301F-11D3-BF4B-00C04F79EFBC}") = "IdleGame.Api", "src\IdleGame.Api\IdleGame.Api.csproj", "{0E9A60A0-DE97-4CD0-A8F5-2C916CB334E6}"
EndProject
Project("{FAE04EC0-301F-11D3-BF4B-00C04F79EFBC}") = "IdleGame.Web", "src\IdleGame.Web\IdleGame.Web.csproj", "{DF6BE2B9-B788-4AC6-A355-8C564F48754F}"
EndProject
Project("{2150E333-8FDC-42A3-9474-1A3956D46DE8}") = "tests", "tests", "{0AB3BF05-4346-4AA6-1389-037BE0695223}"
EndProject
Project("{FAE04EC0-301F-11D3-BF4B-00C04F79EFBC}") = "IdleGame.Core.Tests", "tests\IdleGame.Core.Tests\IdleGame.Core.Tests.csproj", "{92F14924-62F6-4524-B511-4A51E4A7E8AA}"
EndProject
Global
	GlobalSection(SolutionConfigurationPlatforms) = preSolution
		Debug|Any CPU = Debug|Any CPU
		Debug|x64 = Debug|x64
		Debug|x86 = Debug|x86
		Release|Any CPU = Release|Any CPU
		Release|x64 = Release|x64
		Release|x86 = Release|x86
	EndGlobalSection
	GlobalSection(ProjectConfigurationPlatforms) = postSolution
		{CBBABF3C-4BAF-4A4A-A6FC-5A3CED26784B}.Debug|Any CPU.ActiveCfg = Debug|Any CPU
		{CBBABF3C-4BAF-4A4A-A6FC-5A3CED26784B}.Debug|Any CPU.Build.0 = Debug|Any CPU
		{CBBABF3C-4BAF-4A4A-A6FC-5A3CED26784B}.Debug|x64.ActiveCfg = Debug|Any CPU
		{CBBABF3C-4BAF-4A4A-A6FC-5A3CED26784B}.Debug|x64.Build.0 = Debug|Any CPU
		{CBBABF3C-4BAF-4A4A-A6FC-5A3CED26784B}.Debug|x86.ActiveCfg = Debug|Any CPU
		{CBBABF3C-4BAF-4A4A-A6FC-5A3CED26784B}.Debug|x86.Build.0 = Debug|Any CPU
		{CBBABF3C-4BAF-4A4A-A6FC-5A3CED26784B}.Release|Any CPU.ActiveCfg = Release|Any CPU
		{CBBABF3C-4BAF-4A4A-A6FC-5A3CED26784B}.Release|Any CPU.Build.0 = Release|Any CPU
		{CBBABF3C-4BAF-4A4A-A6FC-5A3CED26784B}.Release|x64.ActiveCfg = Release|Any CPU
		{CBBABF3C-4BAF-4A4A-A6FC-5A3CED26784B}.Release|x64.Build.0 = Release|Any CPU
		{CBBABF3C-4BAF-4A4A-A6FC-5A3CED26784B}.Release|x86.ActiveCfg = Release|Any CPU
		{CBBABF3C-4BAF-4A4A-A6FC-5A3CED26784B}.Release|x86.Build.0 = Release|Any CPU
		{A3B90B57-DB4C-4569-92CC-E8A1C7DC9966}.Debug|Any CPU.ActiveCfg = Debug|Any CPU
		{A3B90B57-DB4C-4569-92CC-E8A1C7DC9966}.Debug|Any CPU.Build.0 = Debug|Any CPU
		{A3B90B57-DB4C-4569-92CC-E8A1C7DC9966}.Debug|x64.ActiveCfg = Debug|Any CPU
		{A3B90B57-DB4C-4569-92CC-E8A1C7DC9966}.Debug|x64.Build.0 = Debug|Any CPU
		{A3B90B57-DB4C-4569-92CC-E8A1C7DC9966}.Debug|x86.ActiveCfg = Debug|Any CPU
		{A3B90B57-DB4C-4569-92CC-E8A1C7DC9966}.Debug|x86.Build.0 = Debug|Any CPU
		{A3B90B57-DB4C-4569-92CC-E8A1C7DC9966}.Release|Any CPU.ActiveCfg = Release|Any CPU
		{A3B90B57-DB4C-4569-92CC-E8A1C7DC9966}.Release|Any CPU.Build.0 = Release|Any CPU
		{A3B90B57-DB4C-4569-92CC-E8A1C7DC9966}.Release|x64.ActiveCfg = Release|Any CPU
		{A3B90B57-DB4C-4569-92CC-E8A1C7DC9966}.Release|x64.Build.0 = Release|Any CPU
		{A3B90B57-DB4C-4569-92CC-E8A1C7DC9966}.Release|x86.ActiveCfg = Release|Any CPU
		{A3B90B57-DB4C-4569-92CC-E8A1C7DC9966}.Release|x86.Build.0 = Release|Any CPU
		{0E9A60A0-DE97-4CD0-A8F5-2C916CB334E6}.Debug|Any CPU.ActiveCfg = Debug|Any CPU
		{0E9A60A0-DE97-4CD0-A8F5-2C916CB334E6}.Debug|Any CPU.Build.0 = Debug|Any CPU
		{0E9A60A0-DE97-4CD0-A8F5-2C916CB334E6}.Debug|x64.ActiveCfg = Debug|Any CPU
		{0E9A60A0-DE97-4CD0-A8F5-2C916CB334E6}.Debug|x64.Build.0 = Debug|Any CPU
		{0E9A60A0-DE97-4CD0-A8F5-2C916CB334E6}.Debug|x86.ActiveCfg = Debug|Any CPU
		{0E9A60A0-DE97-4CD0-A8F5-2C916CB334E6}.Debug|x86.Build.0 = Debug|Any CPU
		{0E9A60A0-DE97-4CD0-A8F5-2C916CB334E6}.Release|Any CPU.ActiveCfg = Release|Any CPU
		{0E9A60A0-DE97-4CD0-A8F5-2C916CB334E6}.Release|Any CPU.Build.0 = Release|Any CPU
		{0E9A60A0-DE97-4CD0-A8F5-2C916CB334E6}.Release|x64.ActiveCfg = Release|Any CPU
		{0E9A60A0-DE97-4CD0-A8F5-2C916CB334E6}.Release|x64.Build.0 = Release|Any CPU
		{0E9A60A0-DE97-4CD0-A8F5-2C916CB334E6}.Release|x86.ActiveCfg = Release|Any CPU
		{0E9A60A0-DE97-4CD0-A8F5-2C916CB334E6}.Release|x86.Build.0 = Release|Any CPU
		{DF6BE2B9-B788-4AC6-A355-8C564F48754F}.Debug|Any CPU.ActiveCfg = Debug|Any CPU
		{DF6BE2B9-B788-4AC6-A355-8C564F48754F}.Debug|Any CPU.Build.0 = Debug|Any CPU
		{DF6BE2B9-B788-4AC6-A355-8C564F48754F}.Debug|x64.ActiveCfg = Debug|Any CPU
		{DF6BE2B9-B788-4AC6-A355-8C564F48754F}.Debug|x64.Build.0 = Debug|Any CPU
		{DF6BE2B9-B788-4AC6-A355-8C564F48754F}.Debug|x86.ActiveCfg = Debug|Any CPU
		{DF6BE2B9-B788-4AC6-A355-8C564F48754F}.Debug|x86.Build.0 = Debug|Any CPU
		{DF6BE2B9-B788-4AC6-A355-8C564F48754F}.Release|Any CPU.ActiveCfg = Release|Any CPU
		{DF6BE2B9-B788-4AC6-A355-8C564F48754F}.Release|Any CPU.Build.0 = Release|Any CPU
		{DF6BE2B9-B788-4AC6-A355-8C564F48754F}.Release|x64.ActiveCfg = Release|Any CPU
		{DF6BE2B9-B788-4AC6-A355-8C564F48754F}.Release|x64.Build.0 = Release|Any CPU
		{DF6BE2B9-B788-4AC6-A355-8C564F48754F}.Release|x86.ActiveCfg = Release|Any CPU
		{DF6BE2B9-B788-4AC6-A355-8C564F48754F}.Release|x86.Build.0 = Release|Any CPU
		{92F14924-62F6-4524-B511-4A51E4A7E8AA}.Debug|Any CPU.ActiveCfg = Debug|Any CPU
		{92F14924-62F6-4524-B511-4A51E4A7E8AA}.Debug|Any CPU.Build.0 = Debug|Any CPU
		{92F14924-62F6-4524-B511-4A51E4A7E8AA}.Debug|x64.ActiveCfg = Debug|Any CPU
		{92F14924-62F6-4524-B511-4A51E4A7E8AA}.Debug|x64.Build.0 = Debug|Any CPU
		{92F14924-62F6-4524-B511-4A51E4A7E8AA}.Debug|x86.ActiveCfg = Debug|Any CPU
		{92F14924-62F6-4524-B511-4A51E4A7E8AA}.Debug|x86.Build.0 = Debug|Any CPU
		{92F14924-62F6-4524-B511-4A51E4A7E8AA}.Release|Any CPU.ActiveCfg = Release|Any CPU
		{92F14924-62F6-4524-B511-4A51E4A7E8AA}.Release|Any CPU.Build.0 = Release|Any CPU
		{92F14924-62F6-4524-B511-4A51E4A7E8AA}.Release|x64.ActiveCfg = Release|Any CPU
		{92F14924-62F6-4524-B511-4A51E4A7E8AA}.Release|x64.Build.0 = Release|Any CPU
		{92F14924-62F6-4524-B511-4A51E4A7E8AA}.Release|x86.ActiveCfg = Release|Any CPU
		{92F14924-62F6-4524-B511-4A51E4A7E8AA}.Release|x86.Build.0 = Release|Any CPU
	EndGlobalSection
	GlobalSection(SolutionProperties) = preSolution
		HideSolutionNode = FALSE
	EndGlobalSection
	GlobalSection(NestedProjects) = preSolution
		{CBBABF3C-4BAF-4A4A-A6FC-5A3CED26784B} = {827E0CD3-B72D-47B6-A68D-7590B98EB39B}
		{A3B90B57-DB4C-4569-92CC-E8A1C7DC9966} = {827E0CD3-B72D-47B6-A68D-7590B98EB39B}
		{0E9A60A0-DE97-4CD0-A8F5-2C916CB334E6} = {827E0CD3-B72D-47B6-A68D-7590B98EB39B}
		{DF6BE2B9-B788-4AC6-A355-8C564F48754F} = {827E0CD3-B72D-47B6-A68D-7590B98EB39B}
		{92F14924-62F6-4524-B511-4A51E4A7E8AA} = {0AB3BF05-4346-4AA6-1389-037BE0695223}
	EndGlobalSection
EndGlobal
